[root]
name = "breeze-tcr"
version = "0.1.0"
dependencies = [
 "breeze_core 0.1.0 (git+https://github.com/jonas-schievink/breeze-emu.git)",
 "breeze_frontends 0.1.0 (git+https://github.com/jonas-schievink/breeze-emu.git)",
 "gdk-pixbuf 0.0.1 (registry+https://github.com/rust-lang/crates.io-index)",
 "gtk 0.0.7 (registry+https://github.com/rust-lang/crates.io-index)",
 "log 0.3.6 (registry+https://github.com/rust-lang/crates.io-index)",
]

[[package]]
name = "atk-sys"
version = "0.3.0"
source = "registry+https://github.com/rust-lang/crates.io-index"
dependencies = [
 "bitflags 0.4.0 (registry+https://github.com/rust-lang/crates.io-index)",
 "glib-sys 0.3.0 (registry+https://github.com/rust-lang/crates.io-index)",
 "gobject-sys 0.3.0 (registry+https://github.com/rust-lang/crates.io-index)",
 "libc 0.2.10 (registry+https://github.com/rust-lang/crates.io-index)",
 "pkg-config 0.3.8 (registry+https://github.com/rust-lang/crates.io-index)",
]

[[package]]
name = "bitflags"
version = "0.4.0"
source = "registry+https://github.com/rust-lang/crates.io-index"

[[package]]
name = "breeze_core"
version = "0.1.0"
source = "git+https://github.com/jonas-schievink/breeze-emu.git#c8cb566657251db54f5c336afd34c9ee210953d8"
dependencies = [
 "breeze_frontend_api 0.1.0 (git+https://github.com/jonas-schievink/breeze-emu.git)",
 "byte_array 0.1.0 (git+https://github.com/jonas-schievink/breeze-emu.git)",
 "byteorder 0.5.1 (registry+https://github.com/rust-lang/crates.io-index)",
 "libsavestate 0.1.0 (git+https://github.com/jonas-schievink/breeze-emu.git)",
 "log 0.3.6 (registry+https://github.com/rust-lang/crates.io-index)",
 "spc700 0.1.0 (git+https://github.com/jonas-schievink/breeze-emu.git)",
 "wdc65816 0.1.0 (git+https://github.com/jonas-schievink/breeze-emu.git)",
]

[[package]]
name = "breeze_frontend_api"
version = "0.1.0"
source = "git+https://github.com/jonas-schievink/breeze-emu.git#c8cb566657251db54f5c336afd34c9ee210953d8"
dependencies = [
 "libsavestate 0.1.0 (git+https://github.com/jonas-schievink/breeze-emu.git)",
]

[[package]]
name = "breeze_frontends"
version = "0.1.0"
source = "git+https://github.com/jonas-schievink/breeze-emu.git#c8cb566657251db54f5c336afd34c9ee210953d8"
dependencies = [
 "breeze_frontend_api 0.1.0 (git+https://github.com/jonas-schievink/breeze-emu.git)",
 "lazy_static 0.1.16 (registry+https://github.com/rust-lang/crates.io-index)",
 "log 0.3.6 (registry+https://github.com/rust-lang/crates.io-index)",
]

[[package]]
name = "byte_array"
version = "0.1.0"
source = "git+https://github.com/jonas-schievink/breeze-emu.git#c8cb566657251db54f5c336afd34c9ee210953d8"

[[package]]
name = "byteorder"
version = "0.5.1"
source = "registry+https://github.com/rust-lang/crates.io-index"

[[package]]
name = "c_vec"
version = "1.0.12"
source = "registry+https://github.com/rust-lang/crates.io-index"

[[package]]
name = "cairo-rs"
version = "0.0.8"
source = "registry+https://github.com/rust-lang/crates.io-index"
dependencies = [
 "c_vec 1.0.12 (registry+https://github.com/rust-lang/crates.io-index)",
 "cairo-sys-rs 0.3.0 (registry+https://github.com/rust-lang/crates.io-index)",
 "glib 0.0.8 (registry+https://github.com/rust-lang/crates.io-index)",
 "libc 0.2.10 (registry+https://github.com/rust-lang/crates.io-index)",
]

[[package]]
name = "cairo-sys-rs"
version = "0.3.0"
source = "registry+https://github.com/rust-lang/crates.io-index"
dependencies = [
 "libc 0.2.10 (registry+https://github.com/rust-lang/crates.io-index)",
 "pkg-config 0.3.8 (registry+https://github.com/rust-lang/crates.io-index)",
]

[[package]]
name = "gdk"
version = "0.3.0"
source = "registry+https://github.com/rust-lang/crates.io-index"
dependencies = [
 "cairo-rs 0.0.8 (registry+https://github.com/rust-lang/crates.io-index)",
 "gdk-pixbuf 0.0.1 (registry+https://github.com/rust-lang/crates.io-index)",
 "gdk-sys 0.3.0 (registry+https://github.com/rust-lang/crates.io-index)",
 "glib 0.0.8 (registry+https://github.com/rust-lang/crates.io-index)",
 "libc 0.2.10 (registry+https://github.com/rust-lang/crates.io-index)",
 "pango 0.0.7 (registry+https://github.com/rust-lang/crates.io-index)",
]

[[package]]
name = "gdk-pixbuf"
version = "0.0.1"
source = "registry+https://github.com/rust-lang/crates.io-index"
dependencies = [
 "gdk-pixbuf-sys 0.3.0 (registry+https://github.com/rust-lang/crates.io-index)",
 "glib 0.0.8 (registry+https://github.com/rust-lang/crates.io-index)",
 "libc 0.2.10 (registry+https://github.com/rust-lang/crates.io-index)",
]

[[package]]
name = "gdk-pixbuf-sys"
version = "0.3.0"
source = "registry+https://github.com/rust-lang/crates.io-index"
dependencies = [
 "bitflags 0.4.0 (registry+https://github.com/rust-lang/crates.io-index)",
 "gio-sys 0.3.0 (registry+https://github.com/rust-lang/crates.io-index)",
 "glib-sys 0.3.0 (registry+https://github.com/rust-lang/crates.io-index)",
 "gobject-sys 0.3.0 (registry+https://github.com/rust-lang/crates.io-index)",
 "libc 0.2.10 (registry+https://github.com/rust-lang/crates.io-index)",
 "pkg-config 0.3.8 (registry+https://github.com/rust-lang/crates.io-index)",
]

[[package]]
name = "gdk-sys"
version = "0.3.0"
source = "registry+https://github.com/rust-lang/crates.io-index"
dependencies = [
 "bitflags 0.4.0 (registry+https://github.com/rust-lang/crates.io-index)",
 "cairo-sys-rs 0.3.0 (registry+https://github.com/rust-lang/crates.io-index)",
 "gdk-pixbuf-sys 0.3.0 (registry+https://github.com/rust-lang/crates.io-index)",
 "gio-sys 0.3.0 (registry+https://github.com/rust-lang/crates.io-index)",
 "glib-sys 0.3.0 (registry+https://github.com/rust-lang/crates.io-index)",
 "gobject-sys 0.3.0 (registry+https://github.com/rust-lang/crates.io-index)",
 "libc 0.2.10 (registry+https://github.com/rust-lang/crates.io-index)",
 "pango-sys 0.3.0 (registry+https://github.com/rust-lang/crates.io-index)",
 "pkg-config 0.3.8 (registry+https://github.com/rust-lang/crates.io-index)",
]

[[package]]
name = "gio-sys"
version = "0.3.0"
source = "registry+https://github.com/rust-lang/crates.io-index"
dependencies = [
 "bitflags 0.4.0 (registry+https://github.com/rust-lang/crates.io-index)",
 "glib-sys 0.3.0 (registry+https://github.com/rust-lang/crates.io-index)",
 "gobject-sys 0.3.0 (registry+https://github.com/rust-lang/crates.io-index)",
 "libc 0.2.10 (registry+https://github.com/rust-lang/crates.io-index)",
 "pkg-config 0.3.8 (registry+https://github.com/rust-lang/crates.io-index)",
]

[[package]]
name = "glib"
version = "0.0.8"
source = "registry+https://github.com/rust-lang/crates.io-index"
dependencies = [
 "gio-sys 0.3.0 (registry+https://github.com/rust-lang/crates.io-index)",
 "glib-sys 0.3.0 (registry+https://github.com/rust-lang/crates.io-index)",
 "gobject-sys 0.3.0 (registry+https://github.com/rust-lang/crates.io-index)",
 "libc 0.2.10 (registry+https://github.com/rust-lang/crates.io-index)",
]

[[package]]
name = "glib-sys"
version = "0.3.0"
source = "registry+https://github.com/rust-lang/crates.io-index"
dependencies = [
 "bitflags 0.4.0 (registry+https://github.com/rust-lang/crates.io-index)",
 "libc 0.2.10 (registry+https://github.com/rust-lang/crates.io-index)",
 "pkg-config 0.3.8 (registry+https://github.com/rust-lang/crates.io-index)",
]

[[package]]
name = "gobject-sys"
version = "0.3.0"
source = "registry+https://github.com/rust-lang/crates.io-index"
dependencies = [
 "bitflags 0.4.0 (registry+https://github.com/rust-lang/crates.io-index)",
 "glib-sys 0.3.0 (registry+https://github.com/rust-lang/crates.io-index)",
 "libc 0.2.10 (registry+https://github.com/rust-lang/crates.io-index)",
 "pkg-config 0.3.8 (registry+https://github.com/rust-lang/crates.io-index)",
]

[[package]]
name = "gtk"
version = "0.0.7"
source = "registry+https://github.com/rust-lang/crates.io-index"
dependencies = [
 "cairo-rs 0.0.8 (registry+https://github.com/rust-lang/crates.io-index)",
 "cairo-sys-rs 0.3.0 (registry+https://github.com/rust-lang/crates.io-index)",
 "gdk 0.3.0 (registry+https://github.com/rust-lang/crates.io-index)",
 "gdk-pixbuf 0.0.1 (registry+https://github.com/rust-lang/crates.io-index)",
 "gdk-sys 0.3.0 (registry+https://github.com/rust-lang/crates.io-index)",
 "glib 0.0.8 (registry+https://github.com/rust-lang/crates.io-index)",
 "glib-sys 0.3.0 (registry+https://github.com/rust-lang/crates.io-index)",
 "gtk-sys 0.3.0 (registry+https://github.com/rust-lang/crates.io-index)",
 "libc 0.2.10 (registry+https://github.com/rust-lang/crates.io-index)",
 "pango 0.0.7 (registry+https://github.com/rust-lang/crates.io-index)",
]

[[package]]
name = "gtk-sys"
version = "0.3.0"
source = "registry+https://github.com/rust-lang/crates.io-index"
dependencies = [
 "atk-sys 0.3.0 (registry+https://github.com/rust-lang/crates.io-index)",
 "bitflags 0.4.0 (registry+https://github.com/rust-lang/crates.io-index)",
 "cairo-sys-rs 0.3.0 (registry+https://github.com/rust-lang/crates.io-index)",
 "gdk-pixbuf-sys 0.3.0 (registry+https://github.com/rust-lang/crates.io-index)",
 "gdk-sys 0.3.0 (registry+https://github.com/rust-lang/crates.io-index)",
 "gio-sys 0.3.0 (registry+https://github.com/rust-lang/crates.io-index)",
 "glib-sys 0.3.0 (registry+https://github.com/rust-lang/crates.io-index)",
 "gobject-sys 0.3.0 (registry+https://github.com/rust-lang/crates.io-index)",
 "libc 0.2.10 (registry+https://github.com/rust-lang/crates.io-index)",
 "pango-sys 0.3.0 (registry+https://github.com/rust-lang/crates.io-index)",
 "pkg-config 0.3.8 (registry+https://github.com/rust-lang/crates.io-index)",
]

[[package]]
name = "lazy_static"
version = "0.1.16"
source = "registry+https://github.com/rust-lang/crates.io-index"

[[package]]
name = "libc"
version = "0.2.10"
source = "registry+https://github.com/rust-lang/crates.io-index"

[[package]]
name = "libsavestate"
version = "0.1.0"
source = "git+https://github.com/jonas-schievink/breeze-emu.git#c8cb566657251db54f5c336afd34c9ee210953d8"

[[package]]
name = "log"
version = "0.3.6"
source = "registry+https://github.com/rust-lang/crates.io-index"

[[package]]
name = "pango"
version = "0.0.7"
source = "registry+https://github.com/rust-lang/crates.io-index"
dependencies = [
 "glib 0.0.8 (registry+https://github.com/rust-lang/crates.io-index)",
 "libc 0.2.10 (registry+https://github.com/rust-lang/crates.io-index)",
 "pango-sys 0.3.0 (registry+https://github.com/rust-lang/crates.io-index)",
]

[[package]]
name = "pango-sys"
version = "0.3.0"
source = "registry+https://github.com/rust-lang/crates.io-index"
dependencies = [
 "bitflags 0.4.0 (registry+https://github.com/rust-lang/crates.io-index)",
 "glib-sys 0.3.0 (registry+https://github.com/rust-lang/crates.io-index)",
 "gobject-sys 0.3.0 (registry+https://github.com/rust-lang/crates.io-index)",
 "libc 0.2.10 (registry+https://github.com/rust-lang/crates.io-index)",
 "pkg-config 0.3.8 (registry+https://github.com/rust-lang/crates.io-index)",
]

[[package]]
name = "pkg-config"
version = "0.3.8"
source = "registry+https://github.com/rust-lang/crates.io-index"

[[package]]
name = "spc700"
version = "0.1.0"
source = "git+https://github.com/jonas-schievink/breeze-emu.git#c8cb566657251db54f5c336afd34c9ee210953d8"
dependencies = [
 "byte_array 0.1.0 (git+https://github.com/jonas-schievink/breeze-emu.git)",
 "libsavestate 0.1.0 (git+https://github.com/jonas-schievink/breeze-emu.git)",
 "log 0.3.6 (registry+https://github.com/rust-lang/crates.io-index)",
]

[[package]]
name = "wdc65816"
version = "0.1.0"
source = "git+https://github.com/jonas-schievink/breeze-emu.git#c8cb566657251db54f5c336afd34c9ee210953d8"
dependencies = [
 "libsavestate 0.1.0 (git+https://github.com/jonas-schievink/breeze-emu.git)",
 "log 0.3.6 (registry+https://github.com/rust-lang/crates.io-index)",
]

